hash: f1eab254f7356cc9f11e8df8468ee2f3aafa72f46d6cac1b76a02c6e1b057fad
updated: 2017-12-01T12:26:04.022810175-08:00
imports:
- name: github.com/asaskevich/govalidator
  version: 521b25f4b05fd26bec69d9dedeb8f9c9a83939a8
- name: github.com/flosch/pongo2
  version: 5e81b817a0c48c1c57cdf1a9056cf76bdee02ca9
- name: github.com/go-sql-driver/mysql
  version: a0583e0143b1624142adab07e0e97fe106d99561
- name: github.com/k0kubun/pp
  version: 027a6d1765d673d337e687394dbe780dd64e2a1e
- name: github.com/mattn/go-colorable
  version: 6fcc0c1fd9b620311d821b106a400b35dc95c497
- name: github.com/mattn/go-isatty
  version: 6ca4dbf54d38eea1a992b3c722a76a5d1c4cb25c
- name: github.com/pkg/errors
  version: 645ef00459ed84a119197bfb8d8205042c6df63d
- name: github.com/spf13/viper
  version: 25b30aa063fc18e48662b86996252eabdcf2f0c7
- name: github.com/urfave/cli
  version: cfb38830724cc34fedffe9a2a29fb54fa9169cd1
- name: github.com/volatiletech/inflect
  version: e7201282ae8da26cd97aed2e516f75c0bd91bb93
- name: github.com/volatiletech/sqlboiler
  version: 6b95e5d3d7840a737841e2eb446e1c82641f8393
  subpackages:
  - strmangle
- name: golang.org/x/sys
  version: 8b4580aae2a0dd0c231a45d3ccb8434ff533b840
  subpackages:
  - unix
- name: gopkg.in/yaml.v2
  version: 287cf08546ab5e7e37d55a84f7ed3fd1db036de5
testImports: []
