dependencies:
- name: etcd
  repository: http://storage.googleapis.com/kubernetes-charts-incubator
  version: 0.6.1
- name: patroni
  repository: http://storage.googleapis.com/kubernetes-charts-incubator
  version: 0.10.0
digest: sha256:3508a1cdca2f4dba3f7acf4e794b8e34f48929a0b54741b48c5d3179e4b6eab7
generated: 2019-01-14T16:44:48.093495-08:00
