dependencies:
- name: etcd
  repository: http://storage.googleapis.com/kubernetes-charts-incubator
  version: 0.6.1
- name: patroni
  repository: http://storage.googleapis.com/kubernetes-charts-incubator
  version: 0.10.0
digest: sha256:b32673600f793b9656f531aa649d9db33e89d4d6e1b82bd2bb2046a40e11e220
generated: 2019-01-14T13:24:17.126636-08:00
