dependencies:
- name: postgresql
  repository: http://storage.googleapis.com/kubernetes-charts
  version: 0.9.4
- name: etcd-operator
  repository: http://storage.googleapis.com/kubernetes-charts
  version: 0.4.3
digest: sha256:44e47106f4658500eca3dfb17f85d696cc35ac6d7ce18419f4e39f425757ae93
generated: 2018-04-11T11:03:41.161190164-07:00
